argon2-cffi==23.1.0
arq==0.26.3
cryptography==46.0.7
email-validator==2.2.0
fastapi==0.136.1
fastapi-users==15.0.5
httpx==0.28.1
# Pinned transitively to dodge GHSA-65pc-fj4g-8rjx (DoS in idna.encode
# on arbitrarily large inputs). Fixed in 3.15. We don't pass user input
# straight into idna, but the cost of pinning is zero and the scanner
# is right to flag it. Drop the pin once httpx/email-validator/etc.
# require >=3.15 themselves.
idna==3.15
motor==3.7.0
opentelemetry-api==1.30.0
opentelemetry-sdk==1.30.0
pydantic==2.10.6
pydantic-settings==2.7.1
pyjwt==2.12.1
pyotp==2.9.0
python-multipart==0.0.28
redis==5.2.1
starlette==1.0.1
structlog==24.4.0
uvicorn[standard]==0.34.0
