httpx==0.28.1
# Pinned transitively to dodge GHSA-65pc-fj4g-8rjx (DoS in idna.encode
# on arbitrarily large inputs). Fixed in 3.15. Match the backend pin.
idna==3.15
pydantic==2.10.6
websockets==14.2
systemd-python==235; sys_platform == "linux" and platform_machine == "aarch64"
systemd-python==235; sys_platform == "linux" and platform_machine == "armv7l"
